
Microsoft Visual Studio Solution File, Format Version 12.00
# Visual Studio Version 17
VisualStudioVersion = 17.0.31919.166
MinimumVisualStudioVersion = 10.0.40219.1
Project("{9A19103F-16F7-4668-BE54-9A1E7A4F7556}") = "Server Manager", "Server Manager\Server Manager.csproj", "{A9EB5414-5477-4240-8846-DFCCE232500B}"
EndProject
Project("{FAE04EC0-301F-11D3-BF4B-00C04F79EFBC}") = "Unit Test", "Unit Test\Unit Test.csproj", "{649D54AF-A8C2-4746-A736-6ABEECBE80FB}"
EndProject
Global
	GlobalSection(SolutionConfigurationPlatforms) = preSolution
		Debug|Any CPU = Debug|Any CPU
		Release|Any CPU = Release|Any CPU
	EndGlobalSection
	GlobalSection(ProjectConfigurationPlatforms) = postSolution
		{A9EB5414-5477-4240-8846-DFCCE232500B}.Debug|Any CPU.ActiveCfg = Debug|Any CPU
		{A9EB5414-5477-4240-8846-DFCCE232500B}.Debug|Any CPU.Build.0 = Debug|Any CPU
		{A9EB5414-5477-4240-8846-DFCCE232500B}.Release|Any CPU.ActiveCfg = Release|Any CPU
		{A9EB5414-5477-4240-8846-DFCCE232500B}.Release|Any CPU.Build.0 = Release|Any CPU
		{649D54AF-A8C2-4746-A736-6ABEECBE80FB}.Debug|Any CPU.ActiveCfg = Debug|Any CPU
		{649D54AF-A8C2-4746-A736-6ABEECBE80FB}.Debug|Any CPU.Build.0 = Debug|Any CPU
		{649D54AF-A8C2-4746-A736-6ABEECBE80FB}.Release|Any CPU.ActiveCfg = Release|Any CPU
		{649D54AF-A8C2-4746-A736-6ABEECBE80FB}.Release|Any CPU.Build.0 = Release|Any CPU
	EndGlobalSection
	GlobalSection(SolutionProperties) = preSolution
		HideSolutionNode = FALSE
	EndGlobalSection
	GlobalSection(ExtensibilityGlobals) = postSolution
		SolutionGuid = {04F2432C-4A19-47D0-9B12-8F0B28FE1C83}
	EndGlobalSection
EndGlobal
